
Microsoft Visual Studio Solution File, Format Version 12.00
# Visual Studio Version 17
VisualStudioVersion = 17.14.36109.1
MinimumVisualStudioVersion = 10.0.40219.1
Project("{2150E333-8FDC-42A3-9474-1A3956D46DE8}") = "src", "src", "{02EA681E-C7D8-13C7-8484-4AC65E1B71E8}"
EndProject
Project("{2150E333-8FDC-42A3-9474-1A3956D46DE8}") = "Api", "Api", "{301FF91C-9BFC-4879-8C77-B2D1BCC532E3}"
EndProject
Project("{2150E333-8FDC-42A3-9474-1A3956D46DE8}") = "Core", "Core", "{0BC317F1-E29D-455E-963C-4538C4F65B3F}"
EndProject
Project("{2150E333-8FDC-42A3-9474-1A3956D46DE8}") = "Modules", "Modules", "{05CC8723-8339-43A4-8245-23CF869A8C11}"
EndProject
Project("{2150E333-8FDC-42A3-9474-1A3956D46DE8}") = "Conversations", "Conversations", "{875B6F9C-EA93-4BD0-A602-D9191C47DA1B}"
EndProject
Project("{2150E333-8FDC-42A3-9474-1A3956D46DE8}") = "Agents", "Agents", "{29E37604-8679-4E3E-994F-DC04A86FCD94}"
EndProject
Project("{2150E333-8FDC-42A3-9474-1A3956D46DE8}") = "Contacts", "Contacts", "{3D5CBDA5-DF0E-4AF7-9BF1-CB5D6973AA25}"
EndProject
Project("{FAE04EC0-301F-11D3-BF4B-00C04F79EFBC}") = "CRM.Domain", "src\Core\CRM.Domain\CRM.Domain.csproj", "{57E0D6A7-DFEA-456B-BDA0-7D4743B857A3}"
EndProject
Project("{FAE04EC0-301F-11D3-BF4B-00C04F79EFBC}") = "CRM.Application", "src\Core\CRM.Application\CRM.Application.csproj", "{D1AE087E-9EED-484E-B7F1-693373C89451}"
EndProject
Project("{FAE04EC0-301F-11D3-BF4B-00C04F79EFBC}") = "Agents.Domain", "src\Modules\Agents\Agents.Domain\Agents.Domain.csproj", "{3D7ABE32-09E2-4D9D-866C-4745A9202D58}"
EndProject
Project("{FAE04EC0-301F-11D3-BF4B-00C04F79EFBC}") = "Agents.Infrastructure", "src\Modules\Agents\Agents.Infrastructure\Agents.Infrastructure.csproj", "{8D43C85F-9F45-4522-9BC8-5DD26201571D}"
EndProject
Project("{FAE04EC0-301F-11D3-BF4B-00C04F79EFBC}") = "Agents.Application", "src\Modules\Agents\Agents.Application\Agents.Application.csproj", "{825085C2-2B2E-4F77-A522-1749ED5426B5}"
EndProject
Project("{FAE04EC0-301F-11D3-BF4B-00C04F79EFBC}") = "Contacts.Domain", "src\Modules\Concatcs\Contacts.Domain\Contacts.Domain.csproj", "{98E6E06C-43EC-44DA-994D-FE0F6DF333B3}"
EndProject
Project("{FAE04EC0-301F-11D3-BF4B-00C04F79EFBC}") = "Contacts.Application", "src\Modules\Concatcs\Contacts.Application\Contacts.Application.csproj", "{9D2BBE19-27FC-4284-9339-374ED524512E}"
EndProject
Project("{FAE04EC0-301F-11D3-BF4B-00C04F79EFBC}") = "Contacts.Infrastructure", "src\Modules\Concatcs\Contacts.Infrastructure\Contacts.Infrastructure.csproj", "{4CF8CAF9-BE3D-48B7-B434-B80A065D6FE0}"
EndProject
Project("{FAE04EC0-301F-11D3-BF4B-00C04F79EFBC}") = "Conversations.Domain", "src\Modules\Conversations\Conversations.Domain\Conversations.Domain.csproj", "{2DFB69AF-0C60-40F7-A09F-207412F9B08E}"
EndProject
Project("{FAE04EC0-301F-11D3-BF4B-00C04F79EFBC}") = "Conversations.Application", "src\Modules\Conversations\Conversations.Application\Conversations.Application.csproj", "{B03D37BB-7F39-41B4-8FB1-48D76607A1DA}"
EndProject
Project("{FAE04EC0-301F-11D3-BF4B-00C04F79EFBC}") = "Conversations.Infrastructure", "src\Modules\Conversations\Conversations.Infrastructure\Conversations.Infrastructure.csproj", "{67A20962-DAAA-403C-B7C3-66661B74D97E}"
EndProject
Project("{2150E333-8FDC-42A3-9474-1A3956D46DE8}") = "test", "test", "{6E9D4D50-20AE-46D3-A663-7370F2D16EB9}"
EndProject
Project("{2150E333-8FDC-42A3-9474-1A3956D46DE8}") = "Modules", "Modules", "{76586587-94C9-4FF3-87E0-EDFCA4AB6CDB}"
EndProject
Project("{2150E333-8FDC-42A3-9474-1A3956D46DE8}") = "Conversations", "Conversations", "{EF8AB014-CE2A-4841-8DA1-D7A8C0E7227F}"
EndProject
Project("{FAE04EC0-301F-11D3-BF4B-00C04F79EFBC}") = "Conversations.UnitTests", "tests\Conversations\Conversations.UnitTests\Conversations.UnitTests.csproj", "{597DF99A-618D-4FB9-871B-FAA4A6935ACC}"
EndProject
Project("{2150E333-8FDC-42A3-9474-1A3956D46DE8}") = "Infrastructure", "Infrastructure", "{A8D796EB-A9B1-4690-86F8-02D9C1CA9B40}"
EndProject
Project("{FAE04EC0-301F-11D3-BF4B-00C04F79EFBC}") = "CRM.Infrastructure", "src\Infrastructure\CRM.Infrastructure\CRM.Infrastructure.csproj", "{958D22CA-BE8B-4881-B71C-9DFCD452D3E0}"
EndProject
Project("{FAE04EC0-301F-11D3-BF4B-00C04F79EFBC}") = "CRM.API", "src\Api\CRM.API\CRM.API.csproj", "{BCE87E09-B2AD-465B-8EF8-D63061869456}"
EndProject
Project("{E53339B2-1760-4266-BCC7-CA923CBCF16C}") = "docker-compose", "docker-compose.dcproj", "{81DDED9D-158B-E303-5F62-77A2896D2A5A}"
EndProject
Global
	GlobalSection(SolutionConfigurationPlatforms) = preSolution
		Debug|Any CPU = Debug|Any CPU
		Release|Any CPU = Release|Any CPU
	EndGlobalSection
	GlobalSection(ProjectConfigurationPlatforms) = postSolution
		{57E0D6A7-DFEA-456B-BDA0-7D4743B857A3}.Debug|Any CPU.ActiveCfg = Debug|Any CPU
		{57E0D6A7-DFEA-456B-BDA0-7D4743B857A3}.Debug|Any CPU.Build.0 = Debug|Any CPU
		{57E0D6A7-DFEA-456B-BDA0-7D4743B857A3}.Release|Any CPU.ActiveCfg = Release|Any CPU
		{57E0D6A7-DFEA-456B-BDA0-7D4743B857A3}.Release|Any CPU.Build.0 = Release|Any CPU
		{D1AE087E-9EED-484E-B7F1-693373C89451}.Debug|Any CPU.ActiveCfg = Debug|Any CPU
		{D1AE087E-9EED-484E-B7F1-693373C89451}.Debug|Any CPU.Build.0 = Debug|Any CPU
		{D1AE087E-9EED-484E-B7F1-693373C89451}.Release|Any CPU.ActiveCfg = Release|Any CPU
		{D1AE087E-9EED-484E-B7F1-693373C89451}.Release|Any CPU.Build.0 = Release|Any CPU
		{3D7ABE32-09E2-4D9D-866C-4745A9202D58}.Debug|Any CPU.ActiveCfg = Debug|Any CPU
		{3D7ABE32-09E2-4D9D-866C-4745A9202D58}.Debug|Any CPU.Build.0 = Debug|Any CPU
		{3D7ABE32-09E2-4D9D-866C-4745A9202D58}.Release|Any CPU.ActiveCfg = Release|Any CPU
		{3D7ABE32-09E2-4D9D-866C-4745A9202D58}.Release|Any CPU.Build.0 = Release|Any CPU
		{8D43C85F-9F45-4522-9BC8-5DD26201571D}.Debug|Any CPU.ActiveCfg = Debug|Any CPU
		{8D43C85F-9F45-4522-9BC8-5DD26201571D}.Debug|Any CPU.Build.0 = Debug|Any CPU
		{8D43C85F-9F45-4522-9BC8-5DD26201571D}.Release|Any CPU.ActiveCfg = Release|Any CPU
		{8D43C85F-9F45-4522-9BC8-5DD26201571D}.Release|Any CPU.Build.0 = Release|Any CPU
		{825085C2-2B2E-4F77-A522-1749ED5426B5}.Debug|Any CPU.ActiveCfg = Debug|Any CPU
		{825085C2-2B2E-4F77-A522-1749ED5426B5}.Debug|Any CPU.Build.0 = Debug|Any CPU
		{825085C2-2B2E-4F77-A522-1749ED5426B5}.Release|Any CPU.ActiveCfg = Release|Any CPU
		{825085C2-2B2E-4F77-A522-1749ED5426B5}.Release|Any CPU.Build.0 = Release|Any CPU
		{98E6E06C-43EC-44DA-994D-FE0F6DF333B3}.Debug|Any CPU.ActiveCfg = Debug|Any CPU
		{98E6E06C-43EC-44DA-994D-FE0F6DF333B3}.Debug|Any CPU.Build.0 = Debug|Any CPU
		{98E6E06C-43EC-44DA-994D-FE0F6DF333B3}.Release|Any CPU.ActiveCfg = Release|Any CPU
		{98E6E06C-43EC-44DA-994D-FE0F6DF333B3}.Release|Any CPU.Build.0 = Release|Any CPU
		{9D2BBE19-27FC-4284-9339-374ED524512E}.Debug|Any CPU.ActiveCfg = Debug|Any CPU
		{9D2BBE19-27FC-4284-9339-374ED524512E}.Debug|Any CPU.Build.0 = Debug|Any CPU
		{9D2BBE19-27FC-4284-9339-374ED524512E}.Release|Any CPU.ActiveCfg = Release|Any CPU
		{9D2BBE19-27FC-4284-9339-374ED524512E}.Release|Any CPU.Build.0 = Release|Any CPU
		{4CF8CAF9-BE3D-48B7-B434-B80A065D6FE0}.Debug|Any CPU.ActiveCfg = Debug|Any CPU
		{4CF8CAF9-BE3D-48B7-B434-B80A065D6FE0}.Debug|Any CPU.Build.0 = Debug|Any CPU
		{4CF8CAF9-BE3D-48B7-B434-B80A065D6FE0}.Release|Any CPU.ActiveCfg = Release|Any CPU
		{4CF8CAF9-BE3D-48B7-B434-B80A065D6FE0}.Release|Any CPU.Build.0 = Release|Any CPU
		{2DFB69AF-0C60-40F7-A09F-207412F9B08E}.Debug|Any CPU.ActiveCfg = Debug|Any CPU
		{2DFB69AF-0C60-40F7-A09F-207412F9B08E}.Debug|Any CPU.Build.0 = Debug|Any CPU
		{2DFB69AF-0C60-40F7-A09F-207412F9B08E}.Release|Any CPU.ActiveCfg = Release|Any CPU
		{2DFB69AF-0C60-40F7-A09F-207412F9B08E}.Release|Any CPU.Build.0 = Release|Any CPU
		{B03D37BB-7F39-41B4-8FB1-48D76607A1DA}.Debug|Any CPU.ActiveCfg = Debug|Any CPU
		{B03D37BB-7F39-41B4-8FB1-48D76607A1DA}.Debug|Any CPU.Build.0 = Debug|Any CPU
		{B03D37BB-7F39-41B4-8FB1-48D76607A1DA}.Release|Any CPU.ActiveCfg = Release|Any CPU
		{B03D37BB-7F39-41B4-8FB1-48D76607A1DA}.Release|Any CPU.Build.0 = Release|Any CPU
		{67A20962-DAAA-403C-B7C3-66661B74D97E}.Debug|Any CPU.ActiveCfg = Debug|Any CPU
		{67A20962-DAAA-403C-B7C3-66661B74D97E}.Debug|Any CPU.Build.0 = Debug|Any CPU
		{67A20962-DAAA-403C-B7C3-66661B74D97E}.Release|Any CPU.ActiveCfg = Release|Any CPU
		{67A20962-DAAA-403C-B7C3-66661B74D97E}.Release|Any CPU.Build.0 = Release|Any CPU
		{597DF99A-618D-4FB9-871B-FAA4A6935ACC}.Debug|Any CPU.ActiveCfg = Debug|Any CPU
		{597DF99A-618D-4FB9-871B-FAA4A6935ACC}.Debug|Any CPU.Build.0 = Debug|Any CPU
		{597DF99A-618D-4FB9-871B-FAA4A6935ACC}.Release|Any CPU.ActiveCfg = Release|Any CPU
		{597DF99A-618D-4FB9-871B-FAA4A6935ACC}.Release|Any CPU.Build.0 = Release|Any CPU
		{958D22CA-BE8B-4881-B71C-9DFCD452D3E0}.Debug|Any CPU.ActiveCfg = Debug|Any CPU
		{958D22CA-BE8B-4881-B71C-9DFCD452D3E0}.Debug|Any CPU.Build.0 = Debug|Any CPU
		{958D22CA-BE8B-4881-B71C-9DFCD452D3E0}.Release|Any CPU.ActiveCfg = Release|Any CPU
		{958D22CA-BE8B-4881-B71C-9DFCD452D3E0}.Release|Any CPU.Build.0 = Release|Any CPU
		{BCE87E09-B2AD-465B-8EF8-D63061869456}.Debug|Any CPU.ActiveCfg = Debug|Any CPU
		{BCE87E09-B2AD-465B-8EF8-D63061869456}.Debug|Any CPU.Build.0 = Debug|Any CPU
		{BCE87E09-B2AD-465B-8EF8-D63061869456}.Release|Any CPU.ActiveCfg = Release|Any CPU
		{BCE87E09-B2AD-465B-8EF8-D63061869456}.Release|Any CPU.Build.0 = Release|Any CPU
		{81DDED9D-158B-E303-5F62-77A2896D2A5A}.Debug|Any CPU.ActiveCfg = Debug|Any CPU
		{81DDED9D-158B-E303-5F62-77A2896D2A5A}.Debug|Any CPU.Build.0 = Debug|Any CPU
		{81DDED9D-158B-E303-5F62-77A2896D2A5A}.Release|Any CPU.ActiveCfg = Release|Any CPU
		{81DDED9D-158B-E303-5F62-77A2896D2A5A}.Release|Any CPU.Build.0 = Release|Any CPU
	EndGlobalSection
	GlobalSection(SolutionProperties) = preSolution
		HideSolutionNode = FALSE
	EndGlobalSection
	GlobalSection(NestedProjects) = preSolution
		{301FF91C-9BFC-4879-8C77-B2D1BCC532E3} = {02EA681E-C7D8-13C7-8484-4AC65E1B71E8}
		{0BC317F1-E29D-455E-963C-4538C4F65B3F} = {02EA681E-C7D8-13C7-8484-4AC65E1B71E8}
		{05CC8723-8339-43A4-8245-23CF869A8C11} = {02EA681E-C7D8-13C7-8484-4AC65E1B71E8}
		{875B6F9C-EA93-4BD0-A602-D9191C47DA1B} = {05CC8723-8339-43A4-8245-23CF869A8C11}
		{29E37604-8679-4E3E-994F-DC04A86FCD94} = {05CC8723-8339-43A4-8245-23CF869A8C11}
		{3D5CBDA5-DF0E-4AF7-9BF1-CB5D6973AA25} = {05CC8723-8339-43A4-8245-23CF869A8C11}
		{57E0D6A7-DFEA-456B-BDA0-7D4743B857A3} = {0BC317F1-E29D-455E-963C-4538C4F65B3F}
		{D1AE087E-9EED-484E-B7F1-693373C89451} = {0BC317F1-E29D-455E-963C-4538C4F65B3F}
		{3D7ABE32-09E2-4D9D-866C-4745A9202D58} = {29E37604-8679-4E3E-994F-DC04A86FCD94}
		{8D43C85F-9F45-4522-9BC8-5DD26201571D} = {29E37604-8679-4E3E-994F-DC04A86FCD94}
		{825085C2-2B2E-4F77-A522-1749ED5426B5} = {29E37604-8679-4E3E-994F-DC04A86FCD94}
		{98E6E06C-43EC-44DA-994D-FE0F6DF333B3} = {3D5CBDA5-DF0E-4AF7-9BF1-CB5D6973AA25}
		{9D2BBE19-27FC-4284-9339-374ED524512E} = {3D5CBDA5-DF0E-4AF7-9BF1-CB5D6973AA25}
		{4CF8CAF9-BE3D-48B7-B434-B80A065D6FE0} = {3D5CBDA5-DF0E-4AF7-9BF1-CB5D6973AA25}
		{2DFB69AF-0C60-40F7-A09F-207412F9B08E} = {875B6F9C-EA93-4BD0-A602-D9191C47DA1B}
		{B03D37BB-7F39-41B4-8FB1-48D76607A1DA} = {875B6F9C-EA93-4BD0-A602-D9191C47DA1B}
		{67A20962-DAAA-403C-B7C3-66661B74D97E} = {875B6F9C-EA93-4BD0-A602-D9191C47DA1B}
		{76586587-94C9-4FF3-87E0-EDFCA4AB6CDB} = {6E9D4D50-20AE-46D3-A663-7370F2D16EB9}
		{EF8AB014-CE2A-4841-8DA1-D7A8C0E7227F} = {76586587-94C9-4FF3-87E0-EDFCA4AB6CDB}
		{597DF99A-618D-4FB9-871B-FAA4A6935ACC} = {EF8AB014-CE2A-4841-8DA1-D7A8C0E7227F}
		{A8D796EB-A9B1-4690-86F8-02D9C1CA9B40} = {02EA681E-C7D8-13C7-8484-4AC65E1B71E8}
		{958D22CA-BE8B-4881-B71C-9DFCD452D3E0} = {A8D796EB-A9B1-4690-86F8-02D9C1CA9B40}
		{BCE87E09-B2AD-465B-8EF8-D63061869456} = {301FF91C-9BFC-4879-8C77-B2D1BCC532E3}
	EndGlobalSection
	GlobalSection(ExtensibilityGlobals) = postSolution
		SolutionGuid = {CE2B67F5-98C2-4A33-9093-61E9D2660BD1}
	EndGlobalSection
EndGlobal
